
Microsoft Visual Studio Solution File, Format Version 12.00
# Visual Studio Version 17
VisualStudioVersion = 17.3.32728.150
MinimumVisualStudioVersion = 10.0.40219.1
Project("{FAE04EC0-301F-11D3-BF4B-00C04F79EFBC}") = "BrewBot", "BrewBot.csproj", "{5E17BD1E-EC8A-44AC-9664-CCA13A8F1E67}"
EndProject
Global
	GlobalSection(SolutionConfigurationPlatforms) = preSolution
		Debug|Any CPU = Debug|Any CPU
		Release|Any CPU = Release|Any CPU
	EndGlobalSection
	GlobalSection(ProjectConfigurationPlatforms) = postSolution
		{5E17BD1E-EC8A-44AC-9664-CCA13A8F1E67}.Debug|Any CPU.ActiveCfg = Debug|Any CPU
		{5E17BD1E-EC8A-44AC-9664-CCA13A8F1E67}.Debug|Any CPU.Build.0 = Debug|Any CPU
		{5E17BD1E-EC8A-44AC-9664-CCA13A8F1E67}.Release|Any CPU.ActiveCfg = Release|Any CPU
		{5E17BD1E-EC8A-44AC-9664-CCA13A8F1E67}.Release|Any CPU.Build.0 = Release|Any CPU
	EndGlobalSection
	GlobalSection(SolutionProperties) = preSolution
		HideSolutionNode = FALSE
	EndGlobalSection
	GlobalSection(ExtensibilityGlobals) = postSolution
		SolutionGuid = {EC312142-0B69-4F91-9B37-BB4EE3A97C2A}
	EndGlobalSection
EndGlobal
